// !$*UTF8*$!
{
	archiveVersion = 1;
	classes = {
	};
	objectVersion = 50;
	objects = {

/* Begin PBXBuildFile section */
		84C6F45928E73FF7008A256C /* AppDelegate.swift in Sources */ = {isa = PBXBuildFile; fileRef = 84C6F45828E73FF7008A256C /* AppDelegate.swift */; };
		84C6F45B28E73FF7008A256C /* SceneDelegate.swift in Sources */ = {isa = PBXBuildFile; fileRef = 84C6F45A28E73FF7008A256C /* SceneDelegate.swift */; };
		84C6F45D28E73FF7008A256C /* ViewController.swift in Sources */ = {isa = PBXBuildFile; fileRef = 84C6F45C28E73FF7008A256C /* ViewController.swift */; };
		84C6F46028E73FF7008A256C /* Main.storyboard in Resources */ = {isa = PBXBuildFile; fileRef = 84C6F45E28E73FF7008A256C /* Main.storyboard */; };
		84C6F46228E73FF8008A256C /* Assets.xcassets in Resources */ = {isa = PBXBuildFile; fileRef = 84C6F46128E73FF8008A256C /* Assets.xcassets */; };
		84C6F46528E73FF8008A256C /* LaunchScreen.storyboard in Resources */ = {isa = PBXBuildFile; fileRef = 84C6F46328E73FF8008A256C /* LaunchScreen.storyboard */; };
		84C6F47028E73FF8008A256C /* UdderTests.swift in Sources */ = {isa = PBXBuildFile; fileRef = 84C6F46F28E73FF8008A256C /* UdderTests.swift */; };
		84C6F47B28E73FF8008A256C /* UdderUITests.swift in Sources */ = {isa = PBXBuildFile; fileRef = 84C6F47A28E73FF8008A256C /* UdderUITests.swift */; };
/* End PBXBuildFile section */

/* Begin PBXContainerItemProxy section */
		84C6F46C28E73FF8008A256C /* PBXContainerItemProxy */ = {
			isa = PBXContainerItemProxy;
			containerPortal = 84C6F44D28E73FF7008A256C /* Project object */;
			proxyType = 1;
			remoteGlobalIDString = 84C6F45428E73FF7008A256C;
			remoteInfo = Udder;
		};
		84C6F47728E73FF8008A256C /* PBXContainerItemProxy */ = {
			isa = PBXContainerItemProxy;
			containerPortal = 84C6F44D28E73FF7008A256C /* Project object */;
			proxyType = 1;
			remoteGlobalIDString = 84C6F45428E73FF7008A256C;
			remoteInfo = Udder;
		};
/* End PBXContainerItemProxy section */

/* Begin PBXFileReference section */
		84C6F45528E73FF7008A256C /* Udder.app */ = {isa = PBXFileReference; explicitFileType = wrapper.application; includeInIndex = 0; path = Udder.app; sourceTree = BUILT_PRODUCTS_DIR; };
		84C6F45828E73FF7008A256C /* AppDelegate.swift */ = {isa = PBXFileReference; lastKnownFileType = sourcecode.swift; path = AppDelegate.swift; sourceTree = "<group>"; };
		84C6F45A28E73FF7008A256C /* SceneDelegate.swift */ = {isa = PBXFileReference; lastKnownFileType = sourcecode.swift; path = SceneDelegate.swift; sourceTree = "<group>"; };
		84C6F45C28E73FF7008A256C /* ViewController.swift */ = {isa = PBXFileReference; lastKnownFileType = sourcecode.swift; path = ViewController.swift; sourceTree = "<group>"; };
		84C6F45F28E73FF7008A256C /* Base */ = {isa = PBXFileReference; lastKnownFileType = file.storyboard; name = Base; path = Base.lproj/Main.storyboard; sourceTree = "<group>"; };
		84C6F46128E73FF8008A256C /* Assets.xcassets */ = {isa = PBXFileReference; lastKnownFileType = folder.assetcatalog; path = Assets.xcassets; sourceTree = "<group>"; };
		84C6F46428E73FF8008A256C /* Base */ = {isa = PBXFileReference; lastKnownFileType = file.storyboard; name = Base; path = Base.lproj/LaunchScreen.storyboard; sourceTree = "<group>"; };
		84C6F46628E73FF8008A256C /* Info.plist */ = {isa = PBXFileReference; lastKnownFileType = text.plist.xml; path = Info.plist; sourceTree = "<group>"; };
		84C6F46B28E73FF8008A256C /* UdderTests.xctest */ = {isa = PBXFileReference; explicitFileType = wrapper.cfbundle; includeInIndex = 0; path = UdderTests.xctest; sourceTree = BUILT_PRODUCTS_DIR; };
		84C6F46F28E73FF8008A256C /* UdderTests.swift */ = {isa = PBXFileReference; lastKnownFileType = sourcecode.swift; path = UdderTests.swift; sourceTree = "<group>"; };
		84C6F47128E73FF8008A256C /* Info.plist */ = {isa = PBXFileReference; lastKnownFileType = text.plist.xml; path = Info.plist; sourceTree = "<group>"; };
		84C6F47628E73FF8008A256C /* UdderUITests.xctest */ = {isa = PBXFileReference; explicitFileType = wrapper.cfbundle; includeInIndex = 0; path = UdderUITests.xctest; sourceTree = BUILT_PRODUCTS_DIR; };
		84C6F47A28E73FF8008A256C /* UdderUITests.swift */ = {isa = PBXFileReference; lastKnownFileType = sourcecode.swift; path = UdderUITests.swift; sourceTree = "<group>"; };
		84C6F47C28E73FF8008A256C /* Info.plist */ = {isa = PBXFileReference; lastKnownFileType = text.plist.xml; path = Info.plist; sourceTree = "<group>"; };
/* End PBXFileReference section */

/* Begin PBXFrameworksBuildPhase section */
		84C6F45228E73FF7008A256C /* Frameworks */ = {
			isa = PBXFrameworksBuildPhase;
			buildActionMask = 2147483647;
			files = (
			);
			runOnlyForDeploymentPostprocessing = 0;
		};
		84C6F46828E73FF8008A256C /* Frameworks */ = {
			isa = PBXFrameworksBuildPhase;
			buildActionMask = 2147483647;
			files = (
			);
			runOnlyForDeploymentPostprocessing = 0;
		};
		84C6F47328E73FF8008A256C /* Frameworks */ = {
			isa = PBXFrameworksBuildPhase;
			buildActionMask = 2147483647;
			files = (
			);
			runOnlyForDeploymentPostprocessing = 0;
		};
/* End PBXFrameworksBuildPhase section */

/* Begin PBXGroup section */
		84C6F44C28E73FF7008A256C = {
			isa = PBXGroup;
			children = (
				84C6F45728E73FF7008A256C /* Udder */,
				84C6F46E28E73FF8008A256C /* UdderTests */,
				84C6F47928E73FF8008A256C /* UdderUITests */,
				84C6F45628E73FF7008A256C /* Products */,
			);
			sourceTree = "<group>";
		};
		84C6F45628E73FF7008A256C /* Products */ = {
			isa = PBXGroup;
			children = (
				84C6F45528E73FF7008A256C /* Udder.app */,
				84C6F46B28E73FF8008A256C /* UdderTests.xctest */,
				84C6F47628E73FF8008A256C /* UdderUITests.xctest */,
			);
			name = Products;
			sourceTree = "<group>";
		};
		84C6F45728E73FF7008A256C /* Udder */ = {
			isa = PBXGroup;
			children = (
				84C6F45828E73FF7008A256C /* AppDelegate.swift */,
				84C6F45A28E73FF7008A256C /* SceneDelegate.swift */,
				84C6F45C28E73FF7008A256C /* ViewController.swift */,
				84C6F45E28E73FF7008A256C /* Main.storyboard */,
				84C6F46128E73FF8008A256C /* Assets.xcassets */,
				84C6F46328E73FF8008A256C /* LaunchScreen.storyboard */,
				84C6F46628E73FF8008A256C /* Info.plist */,
			);
			path = Udder;
			sourceTree = "<group>";
		};
		84C6F46E28E73FF8008A256C /* UdderTests */ = {
			isa = PBXGroup;
			children = (
				84C6F46F28E73FF8008A256C /* UdderTests.swift */,
				84C6F47128E73FF8008A256C /* Info.plist */,
			);
			path = UdderTests;
			sourceTree = "<group>";
		};
		84C6F47928E73FF8008A256C /* UdderUITests */ = {
			isa = PBXGroup;
			children = (
				84C6F47A28E73FF8008A256C /* UdderUITests.swift */,
				84C6F47C28E73FF8008A256C /* Info.plist */,
			);
			path = UdderUITests;
			sourceTree = "<group>";
		};
/* End PBXGroup section */

/* Begin PBXNativeTarget section */
		84C6F45428E73FF7008A256C /* Udder */ = {
			isa = PBXNativeTarget;
			buildConfigurationList = 84C6F47F28E73FF8008A256C /* Build configuration list for PBXNativeTarget "Udder" */;
			buildPhases = (
				84C6F45128E73FF7008A256C /* Sources */,
				84C6F45228E73FF7008A256C /* Frameworks */,
				84C6F45328E73FF7008A256C /* Resources */,
			);
			buildRules = (
			);
			dependencies = (
			);
			name = Udder;
			productName = Udder;
			productReference = 84C6F45528E73FF7008A256C /* Udder.app */;
			productType = "com.apple.product-type.application";
		};
		84C6F46A28E73FF8008A256C /* UdderTests */ = {
			isa = PBXNativeTarget;
			buildConfigurationList = 84C6F48228E73FF8008A256C /* Build configuration list for PBXNativeTarget "UdderTests" */;
			buildPhases = (
				84C6F46728E73FF8008A256C /* Sources */,
				84C6F46828E73FF8008A256C /* Frameworks */,
				84C6F46928E73FF8008A256C /* Resources */,
			);
			buildRules = (
			);
			dependencies = (
				84C6F46D28E73FF8008A256C /* PBXTargetDependency */,
			);
			name = UdderTests;
			productName = UdderTests;
			productReference = 84C6F46B28E73FF8008A256C /* UdderTests.xctest */;
			productType = "com.apple.product-type.bundle.unit-test";
		};
		84C6F47528E73FF8008A256C /* UdderUITests */ = {
			isa = PBXNativeTarget;
			buildConfigurationList = 84C6F48528E73FF8008A256C /* Build configuration list for PBXNativeTarget "UdderUITests" */;
			buildPhases = (
				84C6F47228E73FF8008A256C /* Sources */,
				84C6F47328E73FF8008A256C /* Frameworks */,
				84C6F47428E73FF8008A256C /* Resources */,
			);
			buildRules = (
			);
			dependencies = (
				84C6F47828E73FF8008A256C /* PBXTargetDependency */,
			);
			name = UdderUITests;
			productName = UdderUITests;
			productReference = 84C6F47628E73FF8008A256C /* UdderUITests.xctest */;
			productType = "com.apple.product-type.bundle.ui-testing";
		};
/* End PBXNativeTarget section */

/* Begin PBXProject section */
		84C6F44D28E73FF7008A256C /* Project object */ = {
			isa = PBXProject;
			attributes = {
				LastSwiftUpdateCheck = 1200;
				LastUpgradeCheck = 1200;
				TargetAttributes = {
					84C6F45428E73FF7008A256C = {
						CreatedOnToolsVersion = 12.0.1;
					};
					84C6F46A28E73FF8008A256C = {
						CreatedOnToolsVersion = 12.0.1;
						TestTargetID = 84C6F45428E73FF7008A256C;
					};
					84C6F47528E73FF8008A256C = {
						CreatedOnToolsVersion = 12.0.1;
						TestTargetID = 84C6F45428E73FF7008A256C;
					};
				};
			};
			buildConfigurationList = 84C6F45028E73FF7008A256C /* Build configuration list for PBXProject "Udder" */;
			compatibilityVersion = "Xcode 9.3";
			developmentRegion = en;
			hasScannedForEncodings = 0;
			knownRegions = (
				en,
				Base,
			);
			mainGroup = 84C6F44C28E73FF7008A256C;
			productRefGroup = 84C6F45628E73FF7008A256C /* Products */;
			projectDirPath = "";
			projectRoot = "";
			targets = (
				84C6F45428E73FF7008A256C /* Udder */,
				84C6F46A28E73FF8008A256C /* UdderTests */,
				84C6F47528E73FF8008A256C /* UdderUITests */,
			);
		};
/* End PBXProject section */

/* Begin PBXResourcesBuildPhase section */
		84C6F45328E73FF7008A256C /* Resources */ = {
			isa = PBXResourcesBuildPhase;
			buildActionMask = 2147483647;
			files = (
				84C6F46528E73FF8008A256C /* LaunchScreen.storyboard in Resources */,
				84C6F46228E73FF8008A256C /* Assets.xcassets in Resources */,
				84C6F46028E73FF7008A256C /* Main.storyboard in Resources */,
			);
			runOnlyForDeploymentPostprocessing = 0;
		};
		84C6F46928E73FF8008A256C /* Resources */ = {
			isa = PBXResourcesBuildPhase;
			buildActionMask = 2147483647;
			files = (
			);
			runOnlyForDeploymentPostprocessing = 0;
		};
		84C6F47428E73FF8008A256C /* Resources */ = {
			isa = PBXResourcesBuildPhase;
			buildActionMask = 2147483647;
			files = (
			);
			runOnlyForDeploymentPostprocessing = 0;
		};
/* End PBXResourcesBuildPhase section */

/* Begin PBXSourcesBuildPhase section */
		84C6F45128E73FF7008A256C /* Sources */ = {
			isa = PBXSourcesBuildPhase;
			buildActionMask = 2147483647;
			files = (
				84C6F45D28E73FF7008A256C /* ViewController.swift in Sources */,
				84C6F45928E73FF7008A256C /* AppDelegate.swift in Sources */,
				84C6F45B28E73FF7008A256C /* SceneDelegate.swift in Sources */,
			);
			runOnlyForDeploymentPostprocessing = 0;
		};
		84C6F46728E73FF8008A256C /* Sources */ = {
			isa = PBXSourcesBuildPhase;
			buildActionMask = 2147483647;
			files = (
				84C6F47028E73FF8008A256C /* UdderTests.swift in Sources */,
			);
			runOnlyForDeploymentPostprocessing = 0;
		};
		84C6F47228E73FF8008A256C /* Sources */ = {
			isa = PBXSourcesBuildPhase;
			buildActionMask = 2147483647;
			files = (
				84C6F47B28E73FF8008A256C /* UdderUITests.swift in Sources */,
			);
			runOnlyForDeploymentPostprocessing = 0;
		};
/* End PBXSourcesBuildPhase section */

/* Begin PBXTargetDependency section */
		84C6F46D28E73FF8008A256C /* PBXTargetDependency */ = {
			isa = PBXTargetDependency;
			target = 84C6F45428E73FF7008A256C /* Udder */;
			targetProxy = 84C6F46C28E73FF8008A256C /* PBXContainerItemProxy */;
		};
		84C6F47828E73FF8008A256C /* PBXTargetDependency */ = {
			isa = PBXTargetDependency;
			target = 84C6F45428E73FF7008A256C /* Udder */;
			targetProxy = 84C6F47728E73FF8008A256C /* PBXContainerItemProxy */;
		};
/* End PBXTargetDependency section */

/* Begin PBXVariantGroup section */
		84C6F45E28E73FF7008A256C /* Main.storyboard */ = {
			isa = PBXVariantGroup;
			children = (
				84C6F45F28E73FF7008A256C /* Base */,
			);
			name = Main.storyboard;
			sourceTree = "<group>";
		};
		84C6F46328E73FF8008A256C /* LaunchScreen.storyboard */ = {
			isa = PBXVariantGroup;
			children = (
				84C6F46428E73FF8008A256C /* Base */,
			);
			name = LaunchScreen.storyboard;
			sourceTree = "<group>";
		};
/* End PBXVariantGroup section */

/* Begin XCBuildConfiguration section */
		84C6F47D28E73FF8008A256C /* Debug */ = {
			isa = XCBuildConfiguration;
			buildSettings = {
				ALWAYS_SEARCH_USER_PATHS = NO;
				CLANG_ANALYZER_NONNULL = YES;
				CLANG_ANALYZER_NUMBER_OBJECT_CONVERSION = YES_AGGRESSIVE;
				CLANG_CXX_LANGUAGE_STANDARD = "gnu++14";
				CLANG_CXX_LIBRARY = "libc++";
				CLANG_ENABLE_MODULES = YES;
				CLANG_ENABLE_OBJC_ARC = YES;
				CLANG_ENABLE_OBJC_WEAK = YES;
				CLANG_WARN_BLOCK_CAPTURE_AUTORELEASING = YES;
				CLANG_WARN_BOOL_CONVERSION = YES;
				CLANG_WARN_COMMA = YES;
				CLANG_WARN_CONSTANT_CONVERSION = YES;
				CLANG_WARN_DEPRECATED_OBJC_IMPLEMENTATIONS = YES;
				CLANG_WARN_DIRECT_OBJC_ISA_USAGE = YES_ERROR;
				CLANG_WARN_DOCUMENTATION_COMMENTS = YES;
				CLANG_WARN_EMPTY_BODY = YES;
				CLANG_WARN_ENUM_CONVERSION = YES;
				CLANG_WARN_INFINITE_RECURSION = YES;
				CLANG_WARN_INT_CONVERSION = YES;
				CLANG_WARN_NON_LITERAL_NULL_CONVERSION = YES;
				CLANG_WARN_OBJC_IMPLICIT_RETAIN_SELF = YES;
				CLANG_WARN_OBJC_LITERAL_CONVERSION = YES;
				CLANG_WARN_OBJC_ROOT_CLASS = YES_ERROR;
				CLANG_WARN_QUOTED_INCLUDE_IN_FRAMEWORK_HEADER = YES;
				CLANG_WARN_RANGE_LOOP_ANALYSIS = YES;
				CLANG_WARN_STRICT_PROTOTYPES = YES;
				CLANG_WARN_SUSPICIOUS_MOVE = YES;
				CLANG_WARN_UNGUARDED_AVAILABILITY = YES_AGGRESSIVE;
				CLANG_WARN_UNREACHABLE_CODE = YES;
				CLANG_WARN__DUPLICATE_METHOD_MATCH = YES;
				COPY_PHASE_STRIP = NO;
				DEBUG_INFORMATION_FORMAT = dwarf;
				ENABLE_STRICT_OBJC_MSGSEND = YES;
				ENABLE_TESTABILITY = YES;
				GCC_C_LANGUAGE_STANDARD = gnu11;
				GCC_DYNAMIC_NO_PIC = NO;
				GCC_NO_COMMON_BLOCKS = YES;
				GCC_OPTIMIZATION_LEVEL = 0;
				GCC_PREPROCESSOR_DEFINITIONS = (
					"DEBUG=1",
					"$(inherited)",
				);
				GCC_WARN_64_TO_32_BIT_CONVERSION = YES;
				GCC_WARN_ABOUT_RETURN_TYPE = YES_ERROR;
				GCC_WARN_UNDECLARED_SELECTOR = YES;
				GCC_WARN_UNINITIALIZED_AUTOS = YES_AGGRESSIVE;
				GCC_WARN_UNUSED_FUNCTION = YES;
				GCC_WARN_UNUSED_VARIABLE = YES;
				IPHONEOS_DEPLOYMENT_TARGET = 14.0;
				MTL_ENABLE_DEBUG_INFO = INCLUDE_SOURCE;
				MTL_FAST_MATH = YES;
				ONLY_ACTIVE_ARCH = YES;
				SDKROOT = iphoneos;
				SWIFT_ACTIVE_COMPILATION_CONDITIONS = DEBUG;
				SWIFT_OPTIMIZATION_LEVEL = "-Onone";
			};
			name = Debug;
		};
		84C6F47E28E73FF8008A256C /* Release */ = {
			isa = XCBuildConfiguration;
			buildSettings = {
				ALWAYS_SEARCH_USER_PATHS = NO;
				CLANG_ANALYZER_NONNULL = YES;
				CLANG_ANALYZER_NUMBER_OBJECT_CONVERSION = YES_AGGRESSIVE;
				CLANG_CXX_LANGUAGE_STANDARD = "gnu++14";
				CLANG_CXX_LIBRARY = "libc++";
				CLANG_ENABLE_MODULES = YES;
				CLANG_ENABLE_OBJC_ARC = YES;
				CLANG_ENABLE_OBJC_WEAK = YES;
				CLANG_WARN_BLOCK_CAPTURE_AUTORELEASING = YES;
				CLANG_WARN_BOOL_CONVERSION = YES;
				CLANG_WARN_COMMA = YES;
				CLANG_WARN_CONSTANT_CONVERSION = YES;
				CLANG_WARN_DEPRECATED_OBJC_IMPLEMENTATIONS = YES;
				CLANG_WARN_DIRECT_OBJC_ISA_USAGE = YES_ERROR;
				CLANG_WARN_DOCUMENTATION_COMMENTS = YES;
				CLANG_WARN_EMPTY_BODY = YES;
				CLANG_WARN_ENUM_CONVERSION = YES;
				CLANG_WARN_INFINITE_RECURSION = YES;
				CLANG_WARN_INT_CONVERSION = YES;
				CLANG_WARN_NON_LITERAL_NULL_CONVERSION = YES;
				CLANG_WARN_OBJC_IMPLICIT_RETAIN_SELF = YES;
				CLANG_WARN_OBJC_LITERAL_CONVERSION = YES;
				CLANG_WARN_OBJC_ROOT_CLASS = YES_ERROR;
				CLANG_WARN_QUOTED_INCLUDE_IN_FRAMEWORK_HEADER = YES;
				CLANG_WARN_RANGE_LOOP_ANALYSIS = YES;
				CLANG_WARN_STRICT_PROTOTYPES = YES;
				CLANG_WARN_SUSPICIOUS_MOVE = YES;
				CLANG_WARN_UNGUARDED_AVAILABILITY = YES_AGGRESSIVE;
				CLANG_WARN_UNREACHABLE_CODE = YES;
				CLANG_WARN__DUPLICATE_METHOD_MATCH = YES;
				COPY_PHASE_STRIP = NO;
				DEBUG_INFORMATION_FORMAT = "dwarf-with-dsym";
				ENABLE_NS_ASSERTIONS = NO;
				ENABLE_STRICT_OBJC_MSGSEND = YES;
				GCC_C_LANGUAGE_STANDARD = gnu11;
				GCC_NO_COMMON_BLOCKS = YES;
				GCC_WARN_64_TO_32_BIT_CONVERSION = YES;
				GCC_WARN_ABOUT_RETURN_TYPE = YES_ERROR;
				GCC_WARN_UNDECLARED_SELECTOR = YES;
				GCC_WARN_UNINITIALIZED_AUTOS = YES_AGGRESSIVE;
				GCC_WARN_UNUSED_FUNCTION = YES;
				GCC_WARN_UNUSED_VARIABLE = YES;
				IPHONEOS_DEPLOYMENT_TARGET = 14.0;
				MTL_ENABLE_DEBUG_INFO = NO;
				MTL_FAST_MATH = YES;
				SDKROOT = iphoneos;
				SWIFT_COMPILATION_MODE = wholemodule;
				SWIFT_OPTIMIZATION_LEVEL = "-O";
				VALIDATE_PRODUCT = YES;
			};
			name = Release;
		};
		84C6F48028E73FF8008A256C /* Debug */ = {
			isa = XCBuildConfiguration;
			buildSettings = {
				ASSETCATALOG_COMPILER_APPICON_NAME = AppIcon;
				ASSETCATALOG_COMPILER_GLOBAL_ACCENT_COLOR_NAME = AccentColor;
				CODE_SIGN_STYLE = Automatic;
				DEVELOPMENT_TEAM = J849QQ9PD4;
				INFOPLIST_FILE = Udder/Info.plist;
				LD_RUNPATH_SEARCH_PATHS = (
					"$(inherited)",
					"@executable_path/Frameworks",
				);
				PRODUCT_BUNDLE_IDENTIFIER = easytrack.Udder;
				PRODUCT_NAME = "$(TARGET_NAME)";
				SWIFT_VERSION = 5.0;
				TARGETED_DEVICE_FAMILY = "1,2";
			};
			name = Debug;
		};
		84C6F48128E73FF8008A256C /* Release */ = {
			isa = XCBuildConfiguration;
			buildSettings = {
				ASSETCATALOG_COMPILER_APPICON_NAME = AppIcon;
				ASSETCATALOG_COMPILER_GLOBAL_ACCENT_COLOR_NAME = AccentColor;
				CODE_SIGN_STYLE = Automatic;
				DEVELOPMENT_TEAM = J849QQ9PD4;
				INFOPLIST_FILE = Udder/Info.plist;
				LD_RUNPATH_SEARCH_PATHS = (
					"$(inherited)",
					"@executable_path/Frameworks",
				);
				PRODUCT_BUNDLE_IDENTIFIER = easytrack.Udder;
				PRODUCT_NAME = "$(TARGET_NAME)";
				SWIFT_VERSION = 5.0;
				TARGETED_DEVICE_FAMILY = "1,2";
			};
			name = Release;
		};
		84C6F48328E73FF8008A256C /* Debug */ = {
			isa = XCBuildConfiguration;
			buildSettings = {
				ALWAYS_EMBED_SWIFT_STANDARD_LIBRARIES = YES;
				BUNDLE_LOADER = "$(TEST_HOST)";
				CODE_SIGN_STYLE = Automatic;
				DEVELOPMENT_TEAM = J849QQ9PD4;
				INFOPLIST_FILE = UdderTests/Info.plist;
				IPHONEOS_DEPLOYMENT_TARGET = 14.0;
				LD_RUNPATH_SEARCH_PATHS = (
					"$(inherited)",
					"@executable_path/Frameworks",
					"@loader_path/Frameworks",
				);
				PRODUCT_BUNDLE_IDENTIFIER = easytrack.UdderTests;
				PRODUCT_NAME = "$(TARGET_NAME)";
				SWIFT_VERSION = 5.0;
				TARGETED_DEVICE_FAMILY = "1,2";
				TEST_HOST = "$(BUILT_PRODUCTS_DIR)/Udder.app/Udder";
			};
			name = Debug;
		};
		84C6F48428E73FF8008A256C /* Release */ = {
			isa = XCBuildConfiguration;
			buildSettings = {
				ALWAYS_EMBED_SWIFT_STANDARD_LIBRARIES = YES;
				BUNDLE_LOADER = "$(TEST_HOST)";
				CODE_SIGN_STYLE = Automatic;
				DEVELOPMENT_TEAM = J849QQ9PD4;
				INFOPLIST_FILE = UdderTests/Info.plist;
				IPHONEOS_DEPLOYMENT_TARGET = 14.0;
				LD_RUNPATH_SEARCH_PATHS = (
					"$(inherited)",
					"@executable_path/Frameworks",
					"@loader_path/Frameworks",
				);
				PRODUCT_BUNDLE_IDENTIFIER = easytrack.UdderTests;
				PRODUCT_NAME = "$(TARGET_NAME)";
				SWIFT_VERSION = 5.0;
				TARGETED_DEVICE_FAMILY = "1,2";
				TEST_HOST = "$(BUILT_PRODUCTS_DIR)/Udder.app/Udder";
			};
			name = Release;
		};
		84C6F48628E73FF8008A256C /* Debug */ = {
			isa = XCBuildConfiguration;
			buildSettings = {
				ALWAYS_EMBED_SWIFT_STANDARD_LIBRARIES = YES;
				CODE_SIGN_STYLE = Automatic;
				DEVELOPMENT_TEAM = J849QQ9PD4;
				INFOPLIST_FILE = UdderUITests/Info.plist;
				LD_RUNPATH_SEARCH_PATHS = (
					"$(inherited)",
					"@executable_path/Frameworks",
					"@loader_path/Frameworks",
				);
				PRODUCT_BUNDLE_IDENTIFIER = easytrack.UdderUITests;
				PRODUCT_NAME = "$(TARGET_NAME)";
				SWIFT_VERSION = 5.0;
				TARGETED_DEVICE_FAMILY = "1,2";
				TEST_TARGET_NAME = Udder;
			};
			name = Debug;
		};
		84C6F48728E73FF8008A256C /* Release */ = {
			isa = XCBuildConfiguration;
			buildSettings = {
				ALWAYS_EMBED_SWIFT_STANDARD_LIBRARIES = YES;
				CODE_SIGN_STYLE = Automatic;
				DEVELOPMENT_TEAM = J849QQ9PD4;
				INFOPLIST_FILE = UdderUITests/Info.plist;
				LD_RUNPATH_SEARCH_PATHS = (
					"$(inherited)",
					"@executable_path/Frameworks",
					"@loader_path/Frameworks",
				);
				PRODUCT_BUNDLE_IDENTIFIER = easytrack.UdderUITests;
				PRODUCT_NAME = "$(TARGET_NAME)";
				SWIFT_VERSION = 5.0;
				TARGETED_DEVICE_FAMILY = "1,2";
				TEST_TARGET_NAME = Udder;
			};
			name = Release;
		};
/* End XCBuildConfiguration section */

/* Begin XCConfigurationList section */
		84C6F45028E73FF7008A256C /* Build configuration list for PBXProject "Udder" */ = {
			isa = XCConfigurationList;
			buildConfigurations = (
				84C6F47D28E73FF8008A256C /* Debug */,
				84C6F47E28E73FF8008A256C /* Release */,
			);
			defaultConfigurationIsVisible = 0;
			defaultConfigurationName = Release;
		};
		84C6F47F28E73FF8008A256C /* Build configuration list for PBXNativeTarget "Udder" */ = {
			isa = XCConfigurationList;
			buildConfigurations = (
				84C6F48028E73FF8008A256C /* Debug */,
				84C6F48128E73FF8008A256C /* Release */,
			);
			defaultConfigurationIsVisible = 0;
			defaultConfigurationName = Release;
		};
		84C6F48228E73FF8008A256C /* Build configuration list for PBXNativeTarget "UdderTests" */ = {
			isa = XCConfigurationList;
			buildConfigurations = (
				84C6F48328E73FF8008A256C /* Debug */,
				84C6F48428E73FF8008A256C /* Release */,
			);
			defaultConfigurationIsVisible = 0;
			defaultConfigurationName = Release;
		};
		84C6F48528E73FF8008A256C /* Build configuration list for PBXNativeTarget "UdderUITests" */ = {
			isa = XCConfigurationList;
			buildConfigurations = (
				84C6F48628E73FF8008A256C /* Debug */,
				84C6F48728E73FF8008A256C /* Release */,
			);
			defaultConfigurationIsVisible = 0;
			defaultConfigurationName = Release;
		};
/* End XCConfigurationList section */
	};
	rootObject = 84C6F44D28E73FF7008A256C /* Project object */;
}
